{
  "requires": true,
  "lockfileVersion": 1,
  "dependencies": {
    "@angular/platform-browser": {
      "version": "7.2.14",
      "resolved": "https://registry.npmjs.org/@angular/platform-browser/-/platform-browser-7.2.14.tgz",
      "integrity": "sha512-yAq2+3W4J4B48HEmZYQucdEb9AHwRnv72q9CC/SxU7g59vaLhl1nv7cAWGJ4XFaJTbB7aB4Y4rLffuR+Gxkn7A==",
      "requires": {
        "tslib": "^1.9.0"
      }
    },
    "@ng-bootstrap/ng-bootstrap": {
      "version": "4.1.1",
      "resolved": "https://registry.npmjs.org/@ng-bootstrap/ng-bootstrap/-/ng-bootstrap-4.1.1.tgz",
      "integrity": "sha512-OgbmPVhbDdNpIwogEXsycUJG0caNtb2+wCABfLUClgi9YcfNXhZ9Phu2GQq7Pk/LO66okth6s77RBQnbTJuysg==",
      "requires": {
        "tslib": "^1.9.0"
      }
    },
    "@ngx-translate/core": {
      "version": "11.0.1",
      "resolved": "https://registry.npmjs.org/@ngx-translate/core/-/core-11.0.1.tgz",
      "integrity": "sha512-nBCa1ZD9fAUY/3eskP3Lql2fNg8OMrYIej1/5GRsfcutx9tG/5fZLCv9m6UCw1aS+u4uK/vXjv1ctG/FdMvaWg==",
      "requires": {
        "tslib": "^1.9.0"
      }
    },
    "@ngx-translate/http-loader": {
      "version": "4.0.0",
      "resolved": "https://registry.npmjs.org/@ngx-translate/http-loader/-/http-loader-4.0.0.tgz",
      "integrity": "sha512-x8LumqydWD7eX9yQTAVeoCM9gFUIGVTUjZqbxdAUavAA3qVnk9wCQux7iHLPXpydl8vyQmLoPQR+fFU+DUDOMA==",
      "requires": {
        "tslib": "^1.9.0"
      }
    },
    "rxjs": {
      "version": "6.5.1",
      "resolved": "https://registry.npmjs.org/rxjs/-/rxjs-6.5.1.tgz",
      "integrity": "sha512-y0j31WJc83wPu31vS1VlAFW5JGrnGC+j+TtGAa1fRQphy48+fDYiDmX8tjGloToEsMkxnouOg/1IzXGKkJnZMg==",
      "requires": {
        "tslib": "^1.9.0"
      }
    },
    "tslib": {
      "version": "1.9.3",
      "resolved": "https://registry.npmjs.org/tslib/-/tslib-1.9.3.tgz",
      "integrity": "sha512-4krF8scpejhaOgqzBEcGM7yDIEfi0/8+8zDRZhNZZ2kjmHJ4hv3zCbQWxoJGz1iw5U0Jl0nma13xzHXcncMavQ=="
    }
  }
}
